
Microsoft Visual Studio Solution File, Format Version 12.00
Project("{FAE04EC0-301F-11D3-BF4B-00C04F79EFBC}") = "SaberTestWork", "SaberTestWork\SaberTestWork.csproj", "{B5222880-2E32-42D8-B7AC-0FDE960905EB}"
EndProject
Global
	GlobalSection(SolutionConfigurationPlatforms) = preSolution
		Debug|Any CPU = Debug|Any CPU
		Release|Any CPU = Release|Any CPU
	EndGlobalSection
	GlobalSection(ProjectConfigurationPlatforms) = postSolution
		{B5222880-2E32-42D8-B7AC-0FDE960905EB}.Debug|Any CPU.ActiveCfg = Debug|Any CPU
		{B5222880-2E32-42D8-B7AC-0FDE960905EB}.Debug|Any CPU.Build.0 = Debug|Any CPU
		{B5222880-2E32-42D8-B7AC-0FDE960905EB}.Release|Any CPU.ActiveCfg = Release|Any CPU
		{B5222880-2E32-42D8-B7AC-0FDE960905EB}.Release|Any CPU.Build.0 = Release|Any CPU
	EndGlobalSection
EndGlobal
